
Microsoft Visual Studio Solution File, Format Version 12.00
# Visual Studio 15
VisualStudioVersion = 15.0.27130.2020
MinimumVisualStudioVersion = 10.0.40219.1
Project("{FAE04EC0-301F-11D3-BF4B-00C04F79EFBC}") = "OneClickMods", "OneClickMods\OneClickMods.csproj", "{C83D6798-4919-4B7E-A436-8CECFC5E738E}"
EndProject
Project("{FAE04EC0-301F-11D3-BF4B-00C04F79EFBC}") = "Bootloader", "Bootloader\Bootloader.csproj", "{06DC3BE6-A7DE-4893-9CFE-71BCA5F88FB3}"
EndProject
Global
	GlobalSection(SolutionConfigurationPlatforms) = preSolution
		Debug|Any CPU = Debug|Any CPU
		Release|Any CPU = Release|Any CPU
	EndGlobalSection
	GlobalSection(ProjectConfigurationPlatforms) = postSolution
		{C83D6798-4919-4B7E-A436-8CECFC5E738E}.Debug|Any CPU.ActiveCfg = Debug|Any CPU
		{C83D6798-4919-4B7E-A436-8CECFC5E738E}.Debug|Any CPU.Build.0 = Debug|Any CPU
		{C83D6798-4919-4B7E-A436-8CECFC5E738E}.Release|Any CPU.ActiveCfg = Release|Any CPU
		{C83D6798-4919-4B7E-A436-8CECFC5E738E}.Release|Any CPU.Build.0 = Release|Any CPU
		{06DC3BE6-A7DE-4893-9CFE-71BCA5F88FB3}.Debug|Any CPU.ActiveCfg = Debug|Any CPU
		{06DC3BE6-A7DE-4893-9CFE-71BCA5F88FB3}.Debug|Any CPU.Build.0 = Debug|Any CPU
		{06DC3BE6-A7DE-4893-9CFE-71BCA5F88FB3}.Release|Any CPU.ActiveCfg = Release|Any CPU
		{06DC3BE6-A7DE-4893-9CFE-71BCA5F88FB3}.Release|Any CPU.Build.0 = Release|Any CPU
	EndGlobalSection
	GlobalSection(SolutionProperties) = preSolution
		HideSolutionNode = FALSE
	EndGlobalSection
	GlobalSection(ExtensibilityGlobals) = postSolution
		SolutionGuid = {FE4E6FAB-D6E8-4F1B-B6D9-CD025D98D42F}
	EndGlobalSection
EndGlobal
